// !$*UTF8*$!
{
	archiveVersion = 1;
	classes = {
	};
	objectVersion = 46;
	objects = {

/* Begin PBXBuildFile section */
		F70047B91E017A3500C57F48 /* ViewController.m in Sources */ = {isa = PBXBuildFile; fileRef = F70047AD1E017A3500C57F48 /* ViewController.m */; };
		F70047BA1E017A3500C57F48 /* AppDelegate.m in Sources */ = {isa = PBXBuildFile; fileRef = F70047B21E017A3500C57F48 /* AppDelegate.m */; };
		F70047BB1E017A3500C57F48 /* Assets.xcassets in Resources */ = {isa = PBXBuildFile; fileRef = F70047B31E017A3500C57F48 /* Assets.xcassets */; };
		F70047BC1E017A3500C57F48 /* LaunchScreen.storyboard in Resources */ = {isa = PBXBuildFile; fileRef = F70047B41E017A3500C57F48 /* LaunchScreen.storyboard */; };
		F70047BD1E017A3500C57F48 /* Main.storyboard in Resources */ = {isa = PBXBuildFile; fileRef = F70047B61E017A3500C57F48 /* Main.storyboard */; };
		F70047BE1E017A3500C57F48 /* main.m in Sources */ = {isa = PBXBuildFile; fileRef = F70047B81E017A3500C57F48 /* main.m */; };
		F70047DB1E017A6500C57F48 /* JSDateFormatter.m in Sources */ = {isa = PBXBuildFile; fileRef = F70047C11E017A6500C57F48 /* JSDateFormatter.m */; };
		F70047DC1E017A6500C57F48 /* JSTextLabel.m in Sources */ = {isa = PBXBuildFile; fileRef = F70047C31E017A6500C57F48 /* JSTextLabel.m */; };
		F70047DD1E017A6500C57F48 /* NSArray+JSLog.m in Sources */ = {isa = PBXBuildFile; fileRef = F70047C61E017A6500C57F48 /* NSArray+JSLog.m */; };
		F70047DE1E017A6500C57F48 /* NSDate+JSIsThisYear.m in Sources */ = {isa = PBXBuildFile; fileRef = F70047C81E017A6500C57F48 /* NSDate+JSIsThisYear.m */; };
		F70047DF1E017A6500C57F48 /* NSObject+JSObjc.m in Sources */ = {isa = PBXBuildFile; fileRef = F70047CA1E017A6500C57F48 /* NSObject+JSObjc.m */; };
		F70047E01E017A6500C57F48 /* NSString+Emoji.m in Sources */ = {isa = PBXBuildFile; fileRef = F70047CC1E017A6500C57F48 /* NSString+Emoji.m */; };
		F70047E11E017A6500C57F48 /* NSString+Hash.m in Sources */ = {isa = PBXBuildFile; fileRef = F70047CE1E017A6500C57F48 /* NSString+Hash.m */; };
		F70047E21E017A6500C57F48 /* NSString+JSExtension.m in Sources */ = {isa = PBXBuildFile; fileRef = F70047D01E017A6500C57F48 /* NSString+JSExtension.m */; };
		F70047E31E017A6500C57F48 /* UIButton+JSButtonExtension.m in Sources */ = {isa = PBXBuildFile; fileRef = F70047D21E017A6500C57F48 /* UIButton+JSButtonExtension.m */; };
		F70047E41E017A6500C57F48 /* UIColor+JSExtension.m in Sources */ = {isa = PBXBuildFile; fileRef = F70047D41E017A6500C57F48 /* UIColor+JSExtension.m */; };
		F70047E51E017A6500C57F48 /* UIImage+JSExtension.m in Sources */ = {isa = PBXBuildFile; fileRef = F70047D61E017A6500C57F48 /* UIImage+JSExtension.m */; };
		F70047E61E017A6500C57F48 /* UINavigationController+JSFullScreenPopGesture.m in Sources */ = {isa = PBXBuildFile; fileRef = F70047D81E017A6500C57F48 /* UINavigationController+JSFullScreenPopGesture.m */; };
		F70047E71E017A6500C57F48 /* UIView+JSFrame.m in Sources */ = {isa = PBXBuildFile; fileRef = F70047DA1E017A6500C57F48 /* UIView+JSFrame.m */; };
/* End PBXBuildFile section */

/* Begin PBXFileReference section */
		F700478F1E01799D00C57F48 /* JSExtension.app */ = {isa = PBXFileReference; explicitFileType = wrapper.application; includeInIndex = 0; path = JSExtension.app; sourceTree = BUILT_PRODUCTS_DIR; };
		F70047A31E01799D00C57F48 /* Info.plist */ = {isa = PBXFileReference; lastKnownFileType = text.plist.xml; name = Info.plist; path = ../../Info.plist; sourceTree = "<group>"; };
		F70047AC1E017A3500C57F48 /* ViewController.h */ = {isa = PBXFileReference; fileEncoding = 4; lastKnownFileType = sourcecode.c.h; path = ViewController.h; sourceTree = "<group>"; };
		F70047AD1E017A3500C57F48 /* ViewController.m */ = {isa = PBXFileReference; fileEncoding = 4; lastKnownFileType = sourcecode.c.objc; path = ViewController.m; sourceTree = "<group>"; };
		F70047B11E017A3500C57F48 /* AppDelegate.h */ = {isa = PBXFileReference; fileEncoding = 4; lastKnownFileType = sourcecode.c.h; path = AppDelegate.h; sourceTree = "<group>"; };
		F70047B21E017A3500C57F48 /* AppDelegate.m */ = {isa = PBXFileReference; fileEncoding = 4; lastKnownFileType = sourcecode.c.objc; path = AppDelegate.m; sourceTree = "<group>"; };
		F70047B31E017A3500C57F48 /* Assets.xcassets */ = {isa = PBXFileReference; lastKnownFileType = folder.assetcatalog; path = Assets.xcassets; sourceTree = "<group>"; };
		F70047B51E017A3500C57F48 /* Base */ = {isa = PBXFileReference; lastKnownFileType = file.storyboard; name = Base; path = Base.lproj/LaunchScreen.storyboard; sourceTree = "<group>"; };
		F70047B71E017A3500C57F48 /* Base */ = {isa = PBXFileReference; lastKnownFileType = file.storyboard; name = Base; path = Base.lproj/Main.storyboard; sourceTree = "<group>"; };
		F70047B81E017A3500C57F48 /* main.m */ = {isa = PBXFileReference; fileEncoding = 4; lastKnownFileType = sourcecode.c.objc; path = main.m; sourceTree = "<group>"; };
		F70047C01E017A6500C57F48 /* JSDateFormatter.h */ = {isa = PBXFileReference; fileEncoding = 4; lastKnownFileType = sourcecode.c.h; path = JSDateFormatter.h; sourceTree = "<group>"; };
		F70047C11E017A6500C57F48 /* JSDateFormatter.m */ = {isa = PBXFileReference; fileEncoding = 4; lastKnownFileType = sourcecode.c.objc; path = JSDateFormatter.m; sourceTree = "<group>"; };
		F70047C21E017A6500C57F48 /* JSTextLabel.h */ = {isa = PBXFileReference; fileEncoding = 4; lastKnownFileType = sourcecode.c.h; path = JSTextLabel.h; sourceTree = "<group>"; };
		F70047C31E017A6500C57F48 /* JSTextLabel.m */ = {isa = PBXFileReference; fileEncoding = 4; lastKnownFileType = sourcecode.c.objc; path = JSTextLabel.m; sourceTree = "<group>"; };
		F70047C41E017A6500C57F48 /* JSUIkitExtension.h */ = {isa = PBXFileReference; fileEncoding = 4; lastKnownFileType = sourcecode.c.h; path = JSUIkitExtension.h; sourceTree = "<group>"; };
		F70047C51E017A6500C57F48 /* NSArray+JSLog.h */ = {isa = PBXFileReference; fileEncoding = 4; lastKnownFileType = sourcecode.c.h; path = "NSArray+JSLog.h"; sourceTree = "<group>"; };
		F70047C61E017A6500C57F48 /* NSArray+JSLog.m */ = {isa = PBXFileReference; fileEncoding = 4; lastKnownFileType = sourcecode.c.objc; path = "NSArray+JSLog.m"; sourceTree = "<group>"; };
		F70047C71E017A6500C57F48 /* NSDate+JSIsThisYear.h */ = {isa = PBXFileReference; fileEncoding = 4; lastKnownFileType = sourcecode.c.h; path = "NSDate+JSIsThisYear.h"; sourceTree = "<group>"; };
		F70047C81E017A6500C57F48 /* NSDate+JSIsThisYear.m */ = {isa = PBXFileReference; fileEncoding = 4; lastKnownFileType = sourcecode.c.objc; path = "NSDate+JSIsThisYear.m"; sourceTree = "<group>"; };
		F70047C91E017A6500C57F48 /* NSObject+JSObjc.h */ = {isa = PBXFileReference; fileEncoding = 4; lastKnownFileType = sourcecode.c.h; path = "NSObject+JSObjc.h"; sourceTree = "<group>"; };
		F70047CA1E017A6500C57F48 /* NSObject+JSObjc.m */ = {isa = PBXFileReference; fileEncoding = 4; lastKnownFileType = sourcecode.c.objc; path = "NSObject+JSObjc.m"; sourceTree = "<group>"; };
		F70047CB1E017A6500C57F48 /* NSString+Emoji.h */ = {isa = PBXFileReference; fileEncoding = 4; lastKnownFileType = sourcecode.c.h; path = "NSString+Emoji.h"; sourceTree = "<group>"; };
		F70047CC1E017A6500C57F48 /* NSString+Emoji.m */ = {isa = PBXFileReference; fileEncoding = 4; lastKnownFileType = sourcecode.c.objc; path = "NSString+Emoji.m"; sourceTree = "<group>"; };
		F70047CD1E017A6500C57F48 /* NSString+Hash.h */ = {isa = PBXFileReference; fileEncoding = 4; lastKnownFileType = sourcecode.c.h; path = "NSString+Hash.h"; sourceTree = "<group>"; };
		F70047CE1E017A6500C57F48 /* NSString+Hash.m */ = {isa = PBXFileReference; fileEncoding = 4; lastKnownFileType = sourcecode.c.objc; path = "NSString+Hash.m"; sourceTree = "<group>"; };
		F70047CF1E017A6500C57F48 /* NSString+JSExtension.h */ = {isa = PBXFileReference; fileEncoding = 4; lastKnownFileType = sourcecode.c.h; path = "NSString+JSExtension.h"; sourceTree = "<group>"; };
		F70047D01E017A6500C57F48 /* NSString+JSExtension.m */ = {isa = PBXFileReference; fileEncoding = 4; lastKnownFileType = sourcecode.c.objc; path = "NSString+JSExtension.m"; sourceTree = "<group>"; };
		F70047D11E017A6500C57F48 /* UIButton+JSButtonExtension.h */ = {isa = PBXFileReference; fileEncoding = 4; lastKnownFileType = sourcecode.c.h; path = "UIButton+JSButtonExtension.h"; sourceTree = "<group>"; };
		F70047D21E017A6500C57F48 /* UIButton+JSButtonExtension.m */ = {isa = PBXFileReference; fileEncoding = 4; lastKnownFileType = sourcecode.c.objc; path = "UIButton+JSButtonExtension.m"; sourceTree = "<group>"; };
		F70047D31E017A6500C57F48 /* UIColor+JSExtension.h */ = {isa = PBXFileReference; fileEncoding = 4; lastKnownFileType = sourcecode.c.h; path = "UIColor+JSExtension.h"; sourceTree = "<group>"; };
		F70047D41E017A6500C57F48 /* UIColor+JSExtension.m */ = {isa = PBXFileReference; fileEncoding = 4; lastKnownFileType = sourcecode.c.objc; path = "UIColor+JSExtension.m"; sourceTree = "<group>"; };
		F70047D51E017A6500C57F48 /* UIImage+JSExtension.h */ = {isa = PBXFileReference; fileEncoding = 4; lastKnownFileType = sourcecode.c.h; path = "UIImage+JSExtension.h"; sourceTree = "<group>"; };
		F70047D61E017A6500C57F48 /* UIImage+JSExtension.m */ = {isa = PBXFileReference; fileEncoding = 4; lastKnownFileType = sourcecode.c.objc; path = "UIImage+JSExtension.m"; sourceTree = "<group>"; };
		F70047D71E017A6500C57F48 /* UINavigationController+JSFullScreenPopGesture.h */ = {isa = PBXFileReference; fileEncoding = 4; lastKnownFileType = sourcecode.c.h; path = "UINavigationController+JSFullScreenPopGesture.h"; sourceTree = "<group>"; };
		F70047D81E017A6500C57F48 /* UINavigationController+JSFullScreenPopGesture.m */ = {isa = PBXFileReference; fileEncoding = 4; lastKnownFileType = sourcecode.c.objc; path = "UINavigationController+JSFullScreenPopGesture.m"; sourceTree = "<group>"; };
		F70047D91E017A6500C57F48 /* UIView+JSFrame.h */ = {isa = PBXFileReference; fileEncoding = 4; lastKnownFileType = sourcecode.c.h; path = "UIView+JSFrame.h"; sourceTree = "<group>"; };
		F70047DA1E017A6500C57F48 /* UIView+JSFrame.m */ = {isa = PBXFileReference; fileEncoding = 4; lastKnownFileType = sourcecode.c.objc; path = "UIView+JSFrame.m"; sourceTree = "<group>"; };
/* End PBXFileReference section */

/* Begin PBXFrameworksBuildPhase section */
		F700478C1E01799D00C57F48 /* Frameworks */ = {
			isa = PBXFrameworksBuildPhase;
			buildActionMask = 2147483647;
			files = (
			);
			runOnlyForDeploymentPostprocessing = 0;
		};
/* End PBXFrameworksBuildPhase section */

/* Begin PBXGroup section */
		F70047861E01799D00C57F48 = {
			isa = PBXGroup;
			children = (
				F70047911E01799D00C57F48 /* JSExtension */,
				F70047901E01799D00C57F48 /* Products */,
			);
			sourceTree = "<group>";
		};
		F70047901E01799D00C57F48 /* Products */ = {
			isa = PBXGroup;
			children = (
				F700478F1E01799D00C57F48 /* JSExtension.app */,
			);
			name = Products;
			sourceTree = "<group>";
		};
		F70047911E01799D00C57F48 /* JSExtension */ = {
			isa = PBXGroup;
			children = (
				F70047BF1E017A6500C57F48 /* UIKit+JSExtension */,
				F70047A91E017A3500C57F48 /* Demo */,
			);
			path = JSExtension;
			sourceTree = "<group>";
		};
		F70047A91E017A3500C57F48 /* Demo */ = {
			isa = PBXGroup;
			children = (
				F70047AA1E017A3500C57F48 /* Classes */,
				F70047B01E017A3500C57F48 /* supportingFiles */,
			);
			path = Demo;
			sourceTree = "<group>";
		};
		F70047AA1E017A3500C57F48 /* Classes */ = {
			isa = PBXGroup;
			children = (
				F70047AB1E017A3500C57F48 /* Controller */,
				F70047AE1E017A3500C57F48 /* Model */,
				F70047AF1E017A3500C57F48 /* View */,
			);
			path = Classes;
			sourceTree = "<group>";
		};
		F70047AB1E017A3500C57F48 /* Controller */ = {
			isa = PBXGroup;
			children = (
				F70047AC1E017A3500C57F48 /* ViewController.h */,
				F70047AD1E017A3500C57F48 /* ViewController.m */,
			);
			path = Controller;
			sourceTree = "<group>";
		};
		F70047AE1E017A3500C57F48 /* Model */ = {
			isa = PBXGroup;
			children = (
			);
			path = Model;
			sourceTree = "<group>";
		};
		F70047AF1E017A3500C57F48 /* View */ = {
			isa = PBXGroup;
			children = (
			);
			path = View;
			sourceTree = "<group>";
		};
		F70047B01E017A3500C57F48 /* supportingFiles */ = {
			isa = PBXGroup;
			children = (
				F70047A31E01799D00C57F48 /* Info.plist */,
				F70047B11E017A3500C57F48 /* AppDelegate.h */,
				F70047B21E017A3500C57F48 /* AppDelegate.m */,
				F70047B31E017A3500C57F48 /* Assets.xcassets */,
				F70047B41E017A3500C57F48 /* LaunchScreen.storyboard */,
				F70047B61E017A3500C57F48 /* Main.storyboard */,
				F70047B81E017A3500C57F48 /* main.m */,
			);
			path = supportingFiles;
			sourceTree = "<group>";
		};
		F70047BF1E017A6500C57F48 /* UIKit+JSExtension */ = {
			isa = PBXGroup;
			children = (
				F70047C41E017A6500C57F48 /* JSUIkitExtension.h */,
				F70047C01E017A6500C57F48 /* JSDateFormatter.h */,
				F70047C11E017A6500C57F48 /* JSDateFormatter.m */,
				F70047C21E017A6500C57F48 /* JSTextLabel.h */,
				F70047C31E017A6500C57F48 /* JSTextLabel.m */,
				F70047C51E017A6500C57F48 /* NSArray+JSLog.h */,
				F70047C61E017A6500C57F48 /* NSArray+JSLog.m */,
				F70047C71E017A6500C57F48 /* NSDate+JSIsThisYear.h */,
				F70047C81E017A6500C57F48 /* NSDate+JSIsThisYear.m */,
				F70047C91E017A6500C57F48 /* NSObject+JSObjc.h */,
				F70047CA1E017A6500C57F48 /* NSObject+JSObjc.m */,
				F70047CB1E017A6500C57F48 /* NSString+Emoji.h */,
				F70047CC1E017A6500C57F48 /* NSString+Emoji.m */,
				F70047CD1E017A6500C57F48 /* NSString+Hash.h */,
				F70047CE1E017A6500C57F48 /* NSString+Hash.m */,
				F70047CF1E017A6500C57F48 /* NSString+JSExtension.h */,
				F70047D01E017A6500C57F48 /* NSString+JSExtension.m */,
				F70047D11E017A6500C57F48 /* UIButton+JSButtonExtension.h */,
				F70047D21E017A6500C57F48 /* UIButton+JSButtonExtension.m */,
				F70047D31E017A6500C57F48 /* UIColor+JSExtension.h */,
				F70047D41E017A6500C57F48 /* UIColor+JSExtension.m */,
				F70047D51E017A6500C57F48 /* UIImage+JSExtension.h */,
				F70047D61E017A6500C57F48 /* UIImage+JSExtension.m */,
				F70047D71E017A6500C57F48 /* UINavigationController+JSFullScreenPopGesture.h */,
				F70047D81E017A6500C57F48 /* UINavigationController+JSFullScreenPopGesture.m */,
				F70047D91E017A6500C57F48 /* UIView+JSFrame.h */,
				F70047DA1E017A6500C57F48 /* UIView+JSFrame.m */,
			);
			path = "UIKit+JSExtension";
			sourceTree = "<group>";
		};
/* End PBXGroup section */

/* Begin PBXNativeTarget section */
		F700478E1E01799D00C57F48 /* JSExtension */ = {
			isa = PBXNativeTarget;
			buildConfigurationList = F70047A61E01799D00C57F48 /* Build configuration list for PBXNativeTarget "JSExtension" */;
			buildPhases = (
				F700478B1E01799D00C57F48 /* Sources */,
				F700478C1E01799D00C57F48 /* Frameworks */,
				F700478D1E01799D00C57F48 /* Resources */,
			);
			buildRules = (
			);
			dependencies = (
			);
			name = JSExtension;
			productName = JSExtension;
			productReference = F700478F1E01799D00C57F48 /* JSExtension.app */;
			productType = "com.apple.product-type.application";
		};
/* End PBXNativeTarget section */

/* Begin PBXProject section */
		F70047871E01799D00C57F48 /* Project object */ = {
			isa = PBXProject;
			attributes = {
				LastUpgradeCheck = 0730;
				ORGANIZATIONNAME = ShenYj;
				TargetAttributes = {
					F700478E1E01799D00C57F48 = {
						CreatedOnToolsVersion = 7.3.1;
						DevelopmentTeam = KS5QTFAS57;
					};
				};
			};
			buildConfigurationList = F700478A1E01799D00C57F48 /* Build configuration list for PBXProject "JSExtension" */;
			compatibilityVersion = "Xcode 3.2";
			developmentRegion = English;
			hasScannedForEncodings = 0;
			knownRegions = (
				en,
				Base,
			);
			mainGroup = F70047861E01799D00C57F48;
			productRefGroup = F70047901E01799D00C57F48 /* Products */;
			projectDirPath = "";
			projectRoot = "";
			targets = (
				F700478E1E01799D00C57F48 /* JSExtension */,
			);
		};
/* End PBXProject section */

/* Begin PBXResourcesBuildPhase section */
		F700478D1E01799D00C57F48 /* Resources */ = {
			isa = PBXResourcesBuildPhase;
			buildActionMask = 2147483647;
			files = (
				F70047BD1E017A3500C57F48 /* Main.storyboard in Resources */,
				F70047BB1E017A3500C57F48 /* Assets.xcassets in Resources */,
				F70047BC1E017A3500C57F48 /* LaunchScreen.storyboard in Resources */,
			);
			runOnlyForDeploymentPostprocessing = 0;
		};
/* End PBXResourcesBuildPhase section */

/* Begin PBXSourcesBuildPhase section */
		F700478B1E01799D00C57F48 /* Sources */ = {
			isa = PBXSourcesBuildPhase;
			buildActionMask = 2147483647;
			files = (
				F70047E01E017A6500C57F48 /* NSString+Emoji.m in Sources */,
				F70047DD1E017A6500C57F48 /* NSArray+JSLog.m in Sources */,
				F70047DC1E017A6500C57F48 /* JSTextLabel.m in Sources */,
				F70047E11E017A6500C57F48 /* NSString+Hash.m in Sources */,
				F70047DF1E017A6500C57F48 /* NSObject+JSObjc.m in Sources */,
				F70047BA1E017A3500C57F48 /* AppDelegate.m in Sources */,
				F70047E51E017A6500C57F48 /* UIImage+JSExtension.m in Sources */,
				F70047E71E017A6500C57F48 /* UIView+JSFrame.m in Sources */,
				F70047BE1E017A3500C57F48 /* main.m in Sources */,
				F70047E21E017A6500C57F48 /* NSString+JSExtension.m in Sources */,
				F70047B91E017A3500C57F48 /* ViewController.m in Sources */,
				F70047DE1E017A6500C57F48 /* NSDate+JSIsThisYear.m in Sources */,
				F70047E31E017A6500C57F48 /* UIButton+JSButtonExtension.m in Sources */,
				F70047DB1E017A6500C57F48 /* JSDateFormatter.m in Sources */,
				F70047E41E017A6500C57F48 /* UIColor+JSExtension.m in Sources */,
				F70047E61E017A6500C57F48 /* UINavigationController+JSFullScreenPopGesture.m in Sources */,
			);
			runOnlyForDeploymentPostprocessing = 0;
		};
/* End PBXSourcesBuildPhase section */

/* Begin PBXVariantGroup section */
		F70047B41E017A3500C57F48 /* LaunchScreen.storyboard */ = {
			isa = PBXVariantGroup;
			children = (
				F70047B51E017A3500C57F48 /* Base */,
			);
			name = LaunchScreen.storyboard;
			sourceTree = "<group>";
		};
		F70047B61E017A3500C57F48 /* Main.storyboard */ = {
			isa = PBXVariantGroup;
			children = (
				F70047B71E017A3500C57F48 /* Base */,
			);
			name = Main.storyboard;
			sourceTree = "<group>";
		};
/* End PBXVariantGroup section */

/* Begin XCBuildConfiguration section */
		F70047A41E01799D00C57F48 /* Debug */ = {
			isa = XCBuildConfiguration;
			buildSettings = {
				ALWAYS_SEARCH_USER_PATHS = NO;
				CLANG_ANALYZER_NONNULL = YES;
				CLANG_CXX_LANGUAGE_STANDARD = "gnu++0x";
				CLANG_CXX_LIBRARY = "libc++";
				CLANG_ENABLE_MODULES = YES;
				CLANG_ENABLE_OBJC_ARC = YES;
				CLANG_WARN_BOOL_CONVERSION = YES;
				CLANG_WARN_CONSTANT_CONVERSION = YES;
				CLANG_WARN_DIRECT_OBJC_ISA_USAGE = YES_ERROR;
				CLANG_WARN_EMPTY_BODY = YES;
				CLANG_WARN_ENUM_CONVERSION = YES;
				CLANG_WARN_INT_CONVERSION = YES;
				CLANG_WARN_OBJC_ROOT_CLASS = YES_ERROR;
				CLANG_WARN_UNREACHABLE_CODE = YES;
				CLANG_WARN__DUPLICATE_METHOD_MATCH = YES;
				"CODE_SIGN_IDENTITY[sdk=iphoneos*]" = "iPhone Developer";
				COPY_PHASE_STRIP = NO;
				DEBUG_INFORMATION_FORMAT = dwarf;
				ENABLE_STRICT_OBJC_MSGSEND = YES;
				ENABLE_TESTABILITY = YES;
				GCC_C_LANGUAGE_STANDARD = gnu99;
				GCC_DYNAMIC_NO_PIC = NO;
				GCC_NO_COMMON_BLOCKS = YES;
				GCC_OPTIMIZATION_LEVEL = 0;
				GCC_PREPROCESSOR_DEFINITIONS = (
					"DEBUG=1",
					"$(inherited)",
				);
				GCC_WARN_64_TO_32_BIT_CONVERSION = YES;
				GCC_WARN_ABOUT_RETURN_TYPE = YES_ERROR;
				GCC_WARN_UNDECLARED_SELECTOR = YES;
				GCC_WARN_UNINITIALIZED_AUTOS = YES_AGGRESSIVE;
				GCC_WARN_UNUSED_FUNCTION = YES;
				GCC_WARN_UNUSED_VARIABLE = YES;
				IPHONEOS_DEPLOYMENT_TARGET = 9.3;
				MTL_ENABLE_DEBUG_INFO = YES;
				ONLY_ACTIVE_ARCH = YES;
				SDKROOT = iphoneos;
				TARGETED_DEVICE_FAMILY = "1,2";
			};
			name = Debug;
		};
		F70047A51E01799D00C57F48 /* Release */ = {
			isa = XCBuildConfiguration;
			buildSettings = {
				ALWAYS_SEARCH_USER_PATHS = NO;
				CLANG_ANALYZER_NONNULL = YES;
				CLANG_CXX_LANGUAGE_STANDARD = "gnu++0x";
				CLANG_CXX_LIBRARY = "libc++";
				CLANG_ENABLE_MODULES = YES;
				CLANG_ENABLE_OBJC_ARC = YES;
				CLANG_WARN_BOOL_CONVERSION = YES;
				CLANG_WARN_CONSTANT_CONVERSION = YES;
				CLANG_WARN_DIRECT_OBJC_ISA_USAGE = YES_ERROR;
				CLANG_WARN_EMPTY_BODY = YES;
				CLANG_WARN_ENUM_CONVERSION = YES;
				CLANG_WARN_INT_CONVERSION = YES;
				CLANG_WARN_OBJC_ROOT_CLASS = YES_ERROR;
				CLANG_WARN_UNREACHABLE_CODE = YES;
				CLANG_WARN__DUPLICATE_METHOD_MATCH = YES;
				"CODE_SIGN_IDENTITY[sdk=iphoneos*]" = "iPhone Developer";
				COPY_PHASE_STRIP = NO;
				DEBUG_INFORMATION_FORMAT = "dwarf-with-dsym";
				ENABLE_NS_ASSERTIONS = NO;
				ENABLE_STRICT_OBJC_MSGSEND = YES;
				GCC_C_LANGUAGE_STANDARD = gnu99;
				GCC_NO_COMMON_BLOCKS = YES;
				GCC_WARN_64_TO_32_BIT_CONVERSION = YES;
				GCC_WARN_ABOUT_RETURN_TYPE = YES_ERROR;
				GCC_WARN_UNDECLARED_SELECTOR = YES;
				GCC_WARN_UNINITIALIZED_AUTOS = YES_AGGRESSIVE;
				GCC_WARN_UNUSED_FUNCTION = YES;
				GCC_WARN_UNUSED_VARIABLE = YES;
				IPHONEOS_DEPLOYMENT_TARGET = 9.3;
				MTL_ENABLE_DEBUG_INFO = NO;
				SDKROOT = iphoneos;
				TARGETED_DEVICE_FAMILY = "1,2";
				VALIDATE_PRODUCT = YES;
			};
			name = Release;
		};
		F70047A71E01799D00C57F48 /* Debug */ = {
			isa = XCBuildConfiguration;
			buildSettings = {
				ASSETCATALOG_COMPILER_APPICON_NAME = AppIcon;
				INFOPLIST_FILE = JSExtension/Info.plist;
				LD_RUNPATH_SEARCH_PATHS = "$(inherited) @executable_path/Frameworks";
				PRODUCT_BUNDLE_IDENTIFIER = com.ShenYj.JSExtension;
				PRODUCT_NAME = "$(TARGET_NAME)";
			};
			name = Debug;
		};
		F70047A81E01799D00C57F48 /* Release */ = {
			isa = XCBuildConfiguration;
			buildSettings = {
				ASSETCATALOG_COMPILER_APPICON_NAME = AppIcon;
				INFOPLIST_FILE = JSExtension/Info.plist;
				LD_RUNPATH_SEARCH_PATHS = "$(inherited) @executable_path/Frameworks";
				PRODUCT_BUNDLE_IDENTIFIER = com.ShenYj.JSExtension;
				PRODUCT_NAME = "$(TARGET_NAME)";
			};
			name = Release;
		};
/* End XCBuildConfiguration section */

/* Begin XCConfigurationList section */
		F700478A1E01799D00C57F48 /* Build configuration list for PBXProject "JSExtension" */ = {
			isa = XCConfigurationList;
			buildConfigurations = (
				F70047A41E01799D00C57F48 /* Debug */,
				F70047A51E01799D00C57F48 /* Release */,
			);
			defaultConfigurationIsVisible = 0;
			defaultConfigurationName = Release;
		};
		F70047A61E01799D00C57F48 /* Build configuration list for PBXNativeTarget "JSExtension" */ = {
			isa = XCConfigurationList;
			buildConfigurations = (
				F70047A71E01799D00C57F48 /* Debug */,
				F70047A81E01799D00C57F48 /* Release */,
			);
			defaultConfigurationIsVisible = 0;
		};
/* End XCConfigurationList section */
	};
	rootObject = F70047871E01799D00C57F48 /* Project object */;
}
